
Microsoft Visual Studio Solution File, Format Version 12.00
# Visual Studio Version 17
VisualStudioVersion = 17.0.32014.148
MinimumVisualStudioVersion = 10.0.40219.1
Project("{FAE04EC0-301F-11D3-BF4B-00C04F79EFBC}") = "77 lab", "77 lab\77 lab.csproj", "{A76C484F-3AD9-4E1E-A7CF-1B64DA181AC9}"
EndProject
Global
	GlobalSection(SolutionConfigurationPlatforms) = preSolution
		Debug|Any CPU = Debug|Any CPU
		Release|Any CPU = Release|Any CPU
	EndGlobalSection
	GlobalSection(ProjectConfigurationPlatforms) = postSolution
		{A76C484F-3AD9-4E1E-A7CF-1B64DA181AC9}.Debug|Any CPU.ActiveCfg = Debug|Any CPU
		{A76C484F-3AD9-4E1E-A7CF-1B64DA181AC9}.Debug|Any CPU.Build.0 = Debug|Any CPU
		{A76C484F-3AD9-4E1E-A7CF-1B64DA181AC9}.Release|Any CPU.ActiveCfg = Release|Any CPU
		{A76C484F-3AD9-4E1E-A7CF-1B64DA181AC9}.Release|Any CPU.Build.0 = Release|Any CPU
	EndGlobalSection
	GlobalSection(SolutionProperties) = preSolution
		HideSolutionNode = FALSE
	EndGlobalSection
	GlobalSection(ExtensibilityGlobals) = postSolution
		SolutionGuid = {4DED2E3A-4BAE-4B53-AF3B-AA4709437679}
	EndGlobalSection
EndGlobal
